
Microsoft Visual Studio Solution File, Format Version 12.00
# Visual Studio 15
VisualStudioVersion = 15.0.27703.1
MinimumVisualStudioVersion = 10.0.40219.1
Project("{FAE04EC0-301F-11D3-BF4B-00C04F79EFBC}") = "twitter-bot", "twitter-bot\twitter-bot.csproj", "{3BC4409E-60DF-4909-B3A0-BD6EF7D5BEDE}"
EndProject
Global
	GlobalSection(SolutionConfigurationPlatforms) = preSolution
		Debug|Any CPU = Debug|Any CPU
		Release|Any CPU = Release|Any CPU
	EndGlobalSection
	GlobalSection(ProjectConfigurationPlatforms) = postSolution
		{3BC4409E-60DF-4909-B3A0-BD6EF7D5BEDE}.Debug|Any CPU.ActiveCfg = Debug|Any CPU
		{3BC4409E-60DF-4909-B3A0-BD6EF7D5BEDE}.Debug|Any CPU.Build.0 = Debug|Any CPU
		{3BC4409E-60DF-4909-B3A0-BD6EF7D5BEDE}.Release|Any CPU.ActiveCfg = Release|Any CPU
		{3BC4409E-60DF-4909-B3A0-BD6EF7D5BEDE}.Release|Any CPU.Build.0 = Release|Any CPU
	EndGlobalSection
	GlobalSection(SolutionProperties) = preSolution
		HideSolutionNode = FALSE
	EndGlobalSection
	GlobalSection(ExtensibilityGlobals) = postSolution
		SolutionGuid = {FAA33423-70CE-4334-A1D1-F6A563D4B6F4}
	EndGlobalSection
EndGlobal
